{
  "meteor": {},
  "dependencies": {
    "basePackages": {
      "bootstrap-3": {},
      "bootstrap-slider-touch": {},
      "knox": {},
      "accounts-ui-bootstrap-dropdown": {},
      "mini-pages": {},
      "jquery-mousewheel": {},
      "keybindings": {}
    },
    "packages": {
      "bootstrap-3": {
        "git": "https://github.com/mangasocial/meteor-bootstrap-3.git",
        "tag": "v0.3.5",
        "commit": "47996f67f3987c9f82117394effcbe1586a4fe29"
      },
      "bootstrap-slider-touch": {
        "git": "https://github.com/Dsyko/meteor-bootstrap-slider-touch.git",
        "tag": "v2.0.1",
        "commit": "c0b20f7851728ac5e265ecaef496a1d756ca1686"
      },
      "knox": {
        "git": "https://github.com/ewindso/meteor-knox.git",
        "tag": "v0.8.5.2",
        "commit": "62c778c40f89884cb10cfd2097e614e01ca8b8cc"
      },
      "accounts-ui-bootstrap-dropdown": {
        "git": "https://github.com/erobit/meteor-accounts-ui-bootstrap-dropdown.git",
        "tag": "v0.6.5.1",
        "commit": "c8b29d2e7f8611d6dec9d6d23c1c2b94e000b0fb"
      },
      "mini-pages": {
        "git": "https://github.com/cmather/meteor-mini-pages.git",
        "tag": "v0.3.2",
        "commit": "4d885ffb6d0108ee2e47a13a6296c98a2f7b5059"
      },
      "jquery-mousewheel": {
        "git": "https://github.com/sslotsky/meteor-jquery-mousewheel.git",
        "tag": "v0.1.0",
        "commit": "357e12cbe3bdcec1c3d1bff4b13b191d75acc973"
      },
      "keybindings": {
        "git": "https://github.com/matteodem/meteor-keybindings.git",
        "tag": "v0.3.8",
        "commit": "7102c7329453c18c63846d74d0b51ef35a23e945"
      },
      "HTML5-History-API": {
        "git": "https://github.com/tmeasday/meteor-HTML5-History-API.git",
        "tag": "v4.0.0",
        "commit": "dc4965f1424cfca625ec3fbea17eace03f8e32c5"
      },
      "page-js-ie-support": {
        "git": "https://github.com/tmeasday/meteor-page-js-ie-support.git",
        "tag": "v1.3.5",
        "commit": "b99ed8380aefd10b2afc8f18d9eed4dd0d8ea9cb"
      }
    }
  }
}
